{
  "name": "@twinsearth/agent-universe-for-angent",
  "version": "1.0.1",
  "lockfileVersion": 3,
  "requires": true,
  "packages": {
    "": {
      "name": "@twinsearth/agent-universe-for-angent",
      "version": "1.0.1",
      "license": "MIT",
      "dependencies": {
        "@twinsearth/agent-universe": "^3.7.8"
      },
      "engines": {
        "node": ">=18"
      }
    },
    "node_modules/@twinsearth/agent-universe": {
      "version": "3.7.8",
      "resolved": "https://registry.npmmirror.com/@twinsearth/agent-universe/-/agent-universe-3.7.8.tgz",
      "integrity": "sha512-94npjmoZtPaXBCp96DsQgHyu9wA60flAPJC2SikgtG8NPGGXkqQYMdAMjrj1iC6SZwLuuPoeMqCIK6LKRfVODA==",
      "license": "MIT",
      "engines": {
        "node": ">=18"
      }
    }
  }
}
